PODS:
  - Flutter (1.0.0)
  - path_provider_ios (0.0.1):
    - Flutter
  - quantum (0.0.1):
    - Flutter

DEPENDENCIES:
  - Flutter (from `Flutter`)
  - path_provider_ios (from `.symlinks/plugins/path_provider_ios/ios`)
  - quantum (from `.symlinks/plugins/quantum/ios`)

EXTERNAL SOURCES:
  Flutter:
    :path: Flutter
  path_provider_ios:
    :path: ".symlinks/plugins/path_provider_ios/ios"
  quantum:
    :path: ".symlinks/plugins/quantum/ios"

SPEC CHECKSUMS:
  Flutter: f04841e97a9d0b0a8025694d0796dd46242b2854
  path_provider_ios: 14f3d2fd28c4fdb42f44e0f751d12861c43cee02
  quantum: 23c3e8d3fc09c1b6565931d450e10a1c0f7db6f1

PODFILE CHECKSUM: 193497499eb89599410d25e0472eef99c5dd7e31

COCOAPODS: 1.11.3
